
Microsoft Visual Studio Solution File, Format Version 12.00
# Visual Studio Version 17
VisualStudioVersion = 17.2.32616.157
MinimumVisualStudioVersion = 10.0.40219.1
Project("{9A19103F-16F7-4668-BE54-9A1E7A4F7556}") = "Surasshu", "Surasshu\Surasshu.csproj", "{2A7AB45E-4E8E-46CF-BF12-381B3E487796}"
EndProject
Global
	GlobalSection(SolutionConfigurationPlatforms) = preSolution
		Debug|Any CPU = Debug|Any CPU
		Release|Any CPU = Release|Any CPU
	EndGlobalSection
	GlobalSection(ProjectConfigurationPlatforms) = postSolution
		{2A7AB45E-4E8E-46CF-BF12-381B3E487796}.Debug|Any CPU.ActiveCfg = Debug|Any CPU
		{2A7AB45E-4E8E-46CF-BF12-381B3E487796}.Debug|Any CPU.Build.0 = Debug|Any CPU
		{2A7AB45E-4E8E-46CF-BF12-381B3E487796}.Release|Any CPU.ActiveCfg = Release|Any CPU
		{2A7AB45E-4E8E-46CF-BF12-381B3E487796}.Release|Any CPU.Build.0 = Release|Any CPU
	EndGlobalSection
	GlobalSection(SolutionProperties) = preSolution
		HideSolutionNode = FALSE
	EndGlobalSection
	GlobalSection(ExtensibilityGlobals) = postSolution
		SolutionGuid = {BFB4B9FC-7451-4E77-8D62-D60FB0A7F843}
	EndGlobalSection
EndGlobal
